
Microsoft Visual Studio Solution File, Format Version 12.00
Project("{FAE04EC0-301F-11D3-BF4B-00C04F79EFBC}") = "FrontEnd", "FrontEnd\FrontEnd.csproj", "{E04CE4FF-3190-49B1-BD3A-685DD5420F31}"
EndProject
Project("{FAE04EC0-301F-11D3-BF4B-00C04F79EFBC}") = "FrontEnd.Tests", "FrontEnd.Tests\FrontEnd.Tests.csproj", "{2208CA15-2D3D-488F-A2E1-8ACBBD79C994}"
EndProject
Global
	GlobalSection(SolutionConfigurationPlatforms) = preSolution
		Debug|Any CPU = Debug|Any CPU
		Release|Any CPU = Release|Any CPU
	EndGlobalSection
	GlobalSection(ProjectConfigurationPlatforms) = postSolution
		{E04CE4FF-3190-49B1-BD3A-685DD5420F31}.Debug|Any CPU.ActiveCfg = Debug|Any CPU
		{E04CE4FF-3190-49B1-BD3A-685DD5420F31}.Debug|Any CPU.Build.0 = Debug|Any CPU
		{E04CE4FF-3190-49B1-BD3A-685DD5420F31}.Release|Any CPU.ActiveCfg = Release|Any CPU
		{E04CE4FF-3190-49B1-BD3A-685DD5420F31}.Release|Any CPU.Build.0 = Release|Any CPU
		{2208CA15-2D3D-488F-A2E1-8ACBBD79C994}.Debug|Any CPU.ActiveCfg = Debug|Any CPU
		{2208CA15-2D3D-488F-A2E1-8ACBBD79C994}.Debug|Any CPU.Build.0 = Debug|Any CPU
		{2208CA15-2D3D-488F-A2E1-8ACBBD79C994}.Release|Any CPU.ActiveCfg = Release|Any CPU
		{2208CA15-2D3D-488F-A2E1-8ACBBD79C994}.Release|Any CPU.Build.0 = Release|Any CPU
	EndGlobalSection
EndGlobal
